
Microsoft Visual Studio Solution File, Format Version 12.00
# Visual Studio Version 16
VisualStudioVersion = 16.0.31402.337
MinimumVisualStudioVersion = 10.0.40219.1
Project("{FAE04EC0-301F-11D3-BF4B-00C04F79EFBC}") = "DemoBCrypt", "DemoBCrypt\DemoBCrypt.csproj", "{FA52C287-0A9B-44F3-ABB3-122D1C5B4566}"
EndProject
Global
	GlobalSection(SolutionConfigurationPlatforms) = preSolution
		Debug|Any CPU = Debug|Any CPU
		Release|Any CPU = Release|Any CPU
	EndGlobalSection
	GlobalSection(ProjectConfigurationPlatforms) = postSolution
		{FA52C287-0A9B-44F3-ABB3-122D1C5B4566}.Debug|Any CPU.ActiveCfg = Debug|Any CPU
		{FA52C287-0A9B-44F3-ABB3-122D1C5B4566}.Debug|Any CPU.Build.0 = Debug|Any CPU
		{FA52C287-0A9B-44F3-ABB3-122D1C5B4566}.Release|Any CPU.ActiveCfg = Release|Any CPU
		{FA52C287-0A9B-44F3-ABB3-122D1C5B4566}.Release|Any CPU.Build.0 = Release|Any CPU
	EndGlobalSection
	GlobalSection(SolutionProperties) = preSolution
		HideSolutionNode = FALSE
	EndGlobalSection
	GlobalSection(ExtensibilityGlobals) = postSolution
		SolutionGuid = {00B37BA0-2CD6-432E-9B4F-3E55BD5423F2}
	EndGlobalSection
EndGlobal
